
Microsoft Visual Studio Solution File, Format Version 12.00
# Visual Studio 15
VisualStudioVersion = 15.0.28307.438
MinimumVisualStudioVersion = 10.0.40219.1
Project("{9A19103F-16F7-4668-BE54-9A1E7A4F7556}") = "TeduCoreApp", "TeduCoreApp\TeduCoreApp.csproj", "{5EA6530B-9F27-49EB-A431-33177FD1DBEE}"
EndProject
Project("{FAE04EC0-301F-11D3-BF4B-00C04F79EFBC}") = "TeduCoreApp.Infrastructure", "TeduCoreApp.Infrastructure\TeduCoreApp.Infrastructure.csproj", "{96F59D65-4066-4BA4-BF8F-6DEEBE7A4F9E}"
EndProject
Project("{FAE04EC0-301F-11D3-BF4B-00C04F79EFBC}") = "TeduCoreApp.Utilities", "TeduCoreApp.Utilities\TeduCoreApp.Utilities.csproj", "{A8BC057B-67AA-4EC2-99FD-1583FCAD7B9E}"
EndProject
Project("{FAE04EC0-301F-11D3-BF4B-00C04F79EFBC}") = "TeduCoreApp.Data", "TeduCoreApp.Data\TeduCoreApp.Data.csproj", "{454DE0ED-CCBA-49A9-A770-DCCC376EE578}"
EndProject
Project("{FAE04EC0-301F-11D3-BF4B-00C04F79EFBC}") = "TeduCoreApp.Data.EF", "TeduCoreApp.Data.EF\TeduCoreApp.Data.EF.csproj", "{52D2BC62-C186-4B30-86A5-8A0E70E281D7}"
EndProject
Project("{FAE04EC0-301F-11D3-BF4B-00C04F79EFBC}") = "TeduCoreApp.Application", "TeduCoreApp.Application\TeduCoreApp.Application.csproj", "{4B46FC19-C97C-4BEA-8E07-18BC836FDDEB}"
EndProject
Project("{2150E333-8FDC-42A3-9474-1A3956D46DE8}") = "1 - Presentation", "1 - Presentation", "{3824CCE5-8B5D-4107-B075-FFEB8EE54B46}"
EndProject
Project("{2150E333-8FDC-42A3-9474-1A3956D46DE8}") = "2 - Application", "2 - Application", "{AEBC37F6-0FA7-4802-B7F6-D13E2637C662}"
EndProject
Project("{2150E333-8FDC-42A3-9474-1A3956D46DE8}") = "3 - Domain", "3 - Domain", "{8A747EAE-5E46-4FDE-94A7-CF07DCAB58E0}"
EndProject
Project("{2150E333-8FDC-42A3-9474-1A3956D46DE8}") = "4 - Infrastructure", "4 - Infrastructure", "{A1211459-7635-4785-9CD4-A39CA2728059}"
EndProject
Global
	GlobalSection(SolutionConfigurationPlatforms) = preSolution
		Debug|Any CPU = Debug|Any CPU
		Release|Any CPU = Release|Any CPU
	EndGlobalSection
	GlobalSection(ProjectConfigurationPlatforms) = postSolution
		{5EA6530B-9F27-49EB-A431-33177FD1DBEE}.Debug|Any CPU.ActiveCfg = Debug|Any CPU
		{5EA6530B-9F27-49EB-A431-33177FD1DBEE}.Debug|Any CPU.Build.0 = Debug|Any CPU
		{5EA6530B-9F27-49EB-A431-33177FD1DBEE}.Release|Any CPU.ActiveCfg = Release|Any CPU
		{5EA6530B-9F27-49EB-A431-33177FD1DBEE}.Release|Any CPU.Build.0 = Release|Any CPU
		{96F59D65-4066-4BA4-BF8F-6DEEBE7A4F9E}.Debug|Any CPU.ActiveCfg = Debug|Any CPU
		{96F59D65-4066-4BA4-BF8F-6DEEBE7A4F9E}.Debug|Any CPU.Build.0 = Debug|Any CPU
		{96F59D65-4066-4BA4-BF8F-6DEEBE7A4F9E}.Release|Any CPU.ActiveCfg = Release|Any CPU
		{96F59D65-4066-4BA4-BF8F-6DEEBE7A4F9E}.Release|Any CPU.Build.0 = Release|Any CPU
		{A8BC057B-67AA-4EC2-99FD-1583FCAD7B9E}.Debug|Any CPU.ActiveCfg = Debug|Any CPU
		{A8BC057B-67AA-4EC2-99FD-1583FCAD7B9E}.Debug|Any CPU.Build.0 = Debug|Any CPU
		{A8BC057B-67AA-4EC2-99FD-1583FCAD7B9E}.Release|Any CPU.ActiveCfg = Release|Any CPU
		{A8BC057B-67AA-4EC2-99FD-1583FCAD7B9E}.Release|Any CPU.Build.0 = Release|Any CPU
		{454DE0ED-CCBA-49A9-A770-DCCC376EE578}.Debug|Any CPU.ActiveCfg = Debug|Any CPU
		{454DE0ED-CCBA-49A9-A770-DCCC376EE578}.Debug|Any CPU.Build.0 = Debug|Any CPU
		{454DE0ED-CCBA-49A9-A770-DCCC376EE578}.Release|Any CPU.ActiveCfg = Release|Any CPU
		{454DE0ED-CCBA-49A9-A770-DCCC376EE578}.Release|Any CPU.Build.0 = Release|Any CPU
		{52D2BC62-C186-4B30-86A5-8A0E70E281D7}.Debug|Any CPU.ActiveCfg = Debug|Any CPU
		{52D2BC62-C186-4B30-86A5-8A0E70E281D7}.Debug|Any CPU.Build.0 = Debug|Any CPU
		{52D2BC62-C186-4B30-86A5-8A0E70E281D7}.Release|Any CPU.ActiveCfg = Release|Any CPU
		{52D2BC62-C186-4B30-86A5-8A0E70E281D7}.Release|Any CPU.Build.0 = Release|Any CPU
		{4B46FC19-C97C-4BEA-8E07-18BC836FDDEB}.Debug|Any CPU.ActiveCfg = Debug|Any CPU
		{4B46FC19-C97C-4BEA-8E07-18BC836FDDEB}.Debug|Any CPU.Build.0 = Debug|Any CPU
		{4B46FC19-C97C-4BEA-8E07-18BC836FDDEB}.Release|Any CPU.ActiveCfg = Release|Any CPU
		{4B46FC19-C97C-4BEA-8E07-18BC836FDDEB}.Release|Any CPU.Build.0 = Release|Any CPU
	EndGlobalSection
	GlobalSection(SolutionProperties) = preSolution
		HideSolutionNode = FALSE
	EndGlobalSection
	GlobalSection(NestedProjects) = preSolution
		{5EA6530B-9F27-49EB-A431-33177FD1DBEE} = {3824CCE5-8B5D-4107-B075-FFEB8EE54B46}
		{96F59D65-4066-4BA4-BF8F-6DEEBE7A4F9E} = {A1211459-7635-4785-9CD4-A39CA2728059}
		{A8BC057B-67AA-4EC2-99FD-1583FCAD7B9E} = {A1211459-7635-4785-9CD4-A39CA2728059}
		{454DE0ED-CCBA-49A9-A770-DCCC376EE578} = {8A747EAE-5E46-4FDE-94A7-CF07DCAB58E0}
		{52D2BC62-C186-4B30-86A5-8A0E70E281D7} = {8A747EAE-5E46-4FDE-94A7-CF07DCAB58E0}
		{4B46FC19-C97C-4BEA-8E07-18BC836FDDEB} = {AEBC37F6-0FA7-4802-B7F6-D13E2637C662}
	EndGlobalSection
	GlobalSection(ExtensibilityGlobals) = postSolution
		SolutionGuid = {E97DC0F6-6E26-4B0D-83AA-347F8ED41B16}
	EndGlobalSection
EndGlobal
